// !$*UTF8*$!
{
	archiveVersion = 1;
	classes = {
	};
	objectVersion = 50;
	objects = {

/* Begin PBXBuildFile section */
		8D09925326B03A9300BAC6A9 /* AppDelegate.swift in Sources */ = {isa = PBXBuildFile; fileRef = 8D09925226B03A9300BAC6A9 /* AppDelegate.swift */; };
		8D09925526B03A9300BAC6A9 /* SceneDelegate.swift in Sources */ = {isa = PBXBuildFile; fileRef = 8D09925426B03A9300BAC6A9 /* SceneDelegate.swift */; };
		8D09925726B03A9300BAC6A9 /* MainViewController.swift in Sources */ = {isa = PBXBuildFile; fileRef = 8D09925626B03A9300BAC6A9 /* MainViewController.swift */; };
		8D09925C26B03A9600BAC6A9 /* Assets.xcassets in Resources */ = {isa = PBXBuildFile; fileRef = 8D09925B26B03A9600BAC6A9 /* Assets.xcassets */; };
		8D09925F26B03A9600BAC6A9 /* LaunchScreen.storyboard in Resources */ = {isa = PBXBuildFile; fileRef = 8D09925D26B03A9600BAC6A9 /* LaunchScreen.storyboard */; };
		8D09926826B03C5600BAC6A9 /* LaunchViewController.swift in Sources */ = {isa = PBXBuildFile; fileRef = 8D09926726B03C5600BAC6A9 /* LaunchViewController.swift */; };
		8D09926B26B050FF00BAC6A9 /* WeatherModel.swift in Sources */ = {isa = PBXBuildFile; fileRef = 8D09926A26B050FE00BAC6A9 /* WeatherModel.swift */; };
		8D09926F26B0525800BAC6A9 /* WeatherTableViewCell.swift in Sources */ = {isa = PBXBuildFile; fileRef = 8D09926E26B0525800BAC6A9 /* WeatherTableViewCell.swift */; };
		8D09927126B0529E00BAC6A9 /* HourlyTableViewCell.swift in Sources */ = {isa = PBXBuildFile; fileRef = 8D09927026B0529E00BAC6A9 /* HourlyTableViewCell.swift */; };
		8D09927326B0581600BAC6A9 /* LocationManager.swift in Sources */ = {isa = PBXBuildFile; fileRef = 8D09927226B0581500BAC6A9 /* LocationManager.swift */; };
		8D09927526B066DC00BAC6A9 /* Constants.swift in Sources */ = {isa = PBXBuildFile; fileRef = 8D09927426B066DC00BAC6A9 /* Constants.swift */; };
		8D09927726B06BA100BAC6A9 /* NetworkManager.swift in Sources */ = {isa = PBXBuildFile; fileRef = 8D09927626B06BA100BAC6A9 /* NetworkManager.swift */; };
		8D09928B26B1801000BAC6A9 /* WeatherCollectionViewCell.swift in Sources */ = {isa = PBXBuildFile; fileRef = 8D09928A26B1801000BAC6A9 /* WeatherCollectionViewCell.swift */; };
/* End PBXBuildFile section */

/* Begin PBXFileReference section */
		8D09924F26B03A9300BAC6A9 /* TermoStat.app */ = {isa = PBXFileReference; explicitFileType = wrapper.application; includeInIndex = 0; path = TermoStat.app; sourceTree = BUILT_PRODUCTS_DIR; };
		8D09925226B03A9300BAC6A9 /* AppDelegate.swift */ = {isa = PBXFileReference; lastKnownFileType = sourcecode.swift; path = AppDelegate.swift; sourceTree = "<group>"; };
		8D09925426B03A9300BAC6A9 /* SceneDelegate.swift */ = {isa = PBXFileReference; lastKnownFileType = sourcecode.swift; path = SceneDelegate.swift; sourceTree = "<group>"; };
		8D09925626B03A9300BAC6A9 /* MainViewController.swift */ = {isa = PBXFileReference; lastKnownFileType = sourcecode.swift; path = MainViewController.swift; sourceTree = "<group>"; };
		8D09925B26B03A9600BAC6A9 /* Assets.xcassets */ = {isa = PBXFileReference; lastKnownFileType = folder.assetcatalog; path = Assets.xcassets; sourceTree = "<group>"; };
		8D09925E26B03A9600BAC6A9 /* Base */ = {isa = PBXFileReference; lastKnownFileType = file.storyboard; name = Base; path = Base.lproj/LaunchScreen.storyboard; sourceTree = "<group>"; };
		8D09926026B03A9700BAC6A9 /* Info.plist */ = {isa = PBXFileReference; lastKnownFileType = text.plist.xml; path = Info.plist; sourceTree = "<group>"; };
		8D09926726B03C5600BAC6A9 /* LaunchViewController.swift */ = {isa = PBXFileReference; lastKnownFileType = sourcecode.swift; path = LaunchViewController.swift; sourceTree = "<group>"; };
		8D09926A26B050FE00BAC6A9 /* WeatherModel.swift */ = {isa = PBXFileReference; lastKnownFileType = sourcecode.swift; path = WeatherModel.swift; sourceTree = "<group>"; };
		8D09926E26B0525800BAC6A9 /* WeatherTableViewCell.swift */ = {isa = PBXFileReference; lastKnownFileType = sourcecode.swift; path = WeatherTableViewCell.swift; sourceTree = "<group>"; };
		8D09927026B0529E00BAC6A9 /* HourlyTableViewCell.swift */ = {isa = PBXFileReference; lastKnownFileType = sourcecode.swift; path = HourlyTableViewCell.swift; sourceTree = "<group>"; };
		8D09927226B0581500BAC6A9 /* LocationManager.swift */ = {isa = PBXFileReference; lastKnownFileType = sourcecode.swift; path = LocationManager.swift; sourceTree = "<group>"; };
		8D09927426B066DC00BAC6A9 /* Constants.swift */ = {isa = PBXFileReference; lastKnownFileType = sourcecode.swift; path = Constants.swift; sourceTree = "<group>"; };
		8D09927626B06BA100BAC6A9 /* NetworkManager.swift */ = {isa = PBXFileReference; lastKnownFileType = sourcecode.swift; path = NetworkManager.swift; sourceTree = "<group>"; };
		8D09928A26B1801000BAC6A9 /* WeatherCollectionViewCell.swift */ = {isa = PBXFileReference; lastKnownFileType = sourcecode.swift; path = WeatherCollectionViewCell.swift; sourceTree = "<group>"; };
/* End PBXFileReference section */

/* Begin PBXFrameworksBuildPhase section */
		8D09924C26B03A9300BAC6A9 /* Frameworks */ = {
			isa = PBXFrameworksBuildPhase;
			buildActionMask = 2147483647;
			files = (
			);
			runOnlyForDeploymentPostprocessing = 0;
		};
/* End PBXFrameworksBuildPhase section */

/* Begin PBXGroup section */
		8D09924626B03A9300BAC6A9 = {
			isa = PBXGroup;
			children = (
				8D09925126B03A9300BAC6A9 /* TermoStat */,
				8D09925026B03A9300BAC6A9 /* Products */,
			);
			sourceTree = "<group>";
		};
		8D09925026B03A9300BAC6A9 /* Products */ = {
			isa = PBXGroup;
			children = (
				8D09924F26B03A9300BAC6A9 /* TermoStat.app */,
			);
			name = Products;
			sourceTree = "<group>";
		};
		8D09925126B03A9300BAC6A9 /* TermoStat */ = {
			isa = PBXGroup;
			children = (
				8D09926926B04DCB00BAC6A9 /* Table Cell */,
				8D09928C26B197D600BAC6A9 /* ViewControllers */,
				8D09926A26B050FE00BAC6A9 /* WeatherModel.swift */,
				8D09926026B03A9700BAC6A9 /* Info.plist */,
				8D09927226B0581500BAC6A9 /* LocationManager.swift */,
				8D09927626B06BA100BAC6A9 /* NetworkManager.swift */,
				8D09926626B03C0500BAC6A9 /* Support */,
			);
			path = TermoStat;
			sourceTree = "<group>";
		};
		8D09926626B03C0500BAC6A9 /* Support */ = {
			isa = PBXGroup;
			children = (
				8D09925226B03A9300BAC6A9 /* AppDelegate.swift */,
				8D09925426B03A9300BAC6A9 /* SceneDelegate.swift */,
				8D09925B26B03A9600BAC6A9 /* Assets.xcassets */,
				8D09925D26B03A9600BAC6A9 /* LaunchScreen.storyboard */,
				8D09927426B066DC00BAC6A9 /* Constants.swift */,
			);
			path = Support;
			sourceTree = "<group>";
		};
		8D09926926B04DCB00BAC6A9 /* Table Cell */ = {
			isa = PBXGroup;
			children = (
				8D09926D26B051BC00BAC6A9 /* HourlyTableViewCell */,
				8D09926C26B051B400BAC6A9 /* WeatherCell */,
			);
			path = "Table Cell";
			sourceTree = "<group>";
		};
		8D09926C26B051B400BAC6A9 /* WeatherCell */ = {
			isa = PBXGroup;
			children = (
				8D09926E26B0525800BAC6A9 /* WeatherTableViewCell.swift */,
			);
			path = WeatherCell;
			sourceTree = "<group>";
		};
		8D09926D26B051BC00BAC6A9 /* HourlyTableViewCell */ = {
			isa = PBXGroup;
			children = (
				8D09927026B0529E00BAC6A9 /* HourlyTableViewCell.swift */,
				8D09928A26B1801000BAC6A9 /* WeatherCollectionViewCell.swift */,
			);
			path = HourlyTableViewCell;
			sourceTree = "<group>";
		};
		8D09928C26B197D600BAC6A9 /* ViewControllers */ = {
			isa = PBXGroup;
			children = (
				8D09925626B03A9300BAC6A9 /* MainViewController.swift */,
				8D09926726B03C5600BAC6A9 /* LaunchViewController.swift */,
			);
			path = ViewControllers;
			sourceTree = "<group>";
		};
/* End PBXGroup section */

/* Begin PBXNativeTarget section */
		8D09924E26B03A9300BAC6A9 /* TermoStat */ = {
			isa = PBXNativeTarget;
			buildConfigurationList = 8D09926326B03A9700BAC6A9 /* Build configuration list for PBXNativeTarget "TermoStat" */;
			buildPhases = (
				8D09924B26B03A9300BAC6A9 /* Sources */,
				8D09924C26B03A9300BAC6A9 /* Frameworks */,
				8D09924D26B03A9300BAC6A9 /* Resources */,
			);
			buildRules = (
			);
			dependencies = (
			);
			name = TermoStat;
			productName = TermoStat;
			productReference = 8D09924F26B03A9300BAC6A9 /* TermoStat.app */;
			productType = "com.apple.product-type.application";
		};
/* End PBXNativeTarget section */

/* Begin PBXProject section */
		8D09924726B03A9300BAC6A9 /* Project object */ = {
			isa = PBXProject;
			attributes = {
				LastSwiftUpdateCheck = 1250;
				LastUpgradeCheck = 1250;
				TargetAttributes = {
					8D09924E26B03A9300BAC6A9 = {
						CreatedOnToolsVersion = 12.5.1;
					};
				};
			};
			buildConfigurationList = 8D09924A26B03A9300BAC6A9 /* Build configuration list for PBXProject "TermoStat" */;
			compatibilityVersion = "Xcode 9.3";
			developmentRegion = en;
			hasScannedForEncodings = 0;
			knownRegions = (
				en,
				Base,
			);
			mainGroup = 8D09924626B03A9300BAC6A9;
			productRefGroup = 8D09925026B03A9300BAC6A9 /* Products */;
			projectDirPath = "";
			projectRoot = "";
			targets = (
				8D09924E26B03A9300BAC6A9 /* TermoStat */,
			);
		};
/* End PBXProject section */

/* Begin PBXResourcesBuildPhase section */
		8D09924D26B03A9300BAC6A9 /* Resources */ = {
			isa = PBXResourcesBuildPhase;
			buildActionMask = 2147483647;
			files = (
				8D09925F26B03A9600BAC6A9 /* LaunchScreen.storyboard in Resources */,
				8D09925C26B03A9600BAC6A9 /* Assets.xcassets in Resources */,
			);
			runOnlyForDeploymentPostprocessing = 0;
		};
/* End PBXResourcesBuildPhase section */

/* Begin PBXSourcesBuildPhase section */
		8D09924B26B03A9300BAC6A9 /* Sources */ = {
			isa = PBXSourcesBuildPhase;
			buildActionMask = 2147483647;
			files = (
				8D09926F26B0525800BAC6A9 /* WeatherTableViewCell.swift in Sources */,
				8D09925726B03A9300BAC6A9 /* MainViewController.swift in Sources */,
				8D09927726B06BA100BAC6A9 /* NetworkManager.swift in Sources */,
				8D09928B26B1801000BAC6A9 /* WeatherCollectionViewCell.swift in Sources */,
				8D09925326B03A9300BAC6A9 /* AppDelegate.swift in Sources */,
				8D09925526B03A9300BAC6A9 /* SceneDelegate.swift in Sources */,
				8D09927326B0581600BAC6A9 /* LocationManager.swift in Sources */,
				8D09926826B03C5600BAC6A9 /* LaunchViewController.swift in Sources */,
				8D09927126B0529E00BAC6A9 /* HourlyTableViewCell.swift in Sources */,
				8D09926B26B050FF00BAC6A9 /* WeatherModel.swift in Sources */,
				8D09927526B066DC00BAC6A9 /* Constants.swift in Sources */,
			);
			runOnlyForDeploymentPostprocessing = 0;
		};
/* End PBXSourcesBuildPhase section */

/* Begin PBXVariantGroup section */
		8D09925D26B03A9600BAC6A9 /* LaunchScreen.storyboard */ = {
			isa = PBXVariantGroup;
			children = (
				8D09925E26B03A9600BAC6A9 /* Base */,
			);
			name = LaunchScreen.storyboard;
			sourceTree = "<group>";
		};
/* End PBXVariantGroup section */

/* Begin XCBuildConfiguration section */
		8D09926126B03A9700BAC6A9 /* Debug */ = {
			isa = XCBuildConfiguration;
			buildSettings = {
				ALWAYS_SEARCH_USER_PATHS = NO;
				CLANG_ANALYZER_NONNULL = YES;
				CLANG_ANALYZER_NUMBER_OBJECT_CONVERSION = YES_AGGRESSIVE;
				CLANG_CXX_LANGUAGE_STANDARD = "gnu++14";
				CLANG_CXX_LIBRARY = "libc++";
				CLANG_ENABLE_MODULES = YES;
				CLANG_ENABLE_OBJC_ARC = YES;
				CLANG_ENABLE_OBJC_WEAK = YES;
				CLANG_WARN_BLOCK_CAPTURE_AUTORELEASING = YES;
				CLANG_WARN_BOOL_CONVERSION = YES;
				CLANG_WARN_COMMA = YES;
				CLANG_WARN_CONSTANT_CONVERSION = YES;
				CLANG_WARN_DEPRECATED_OBJC_IMPLEMENTATIONS = YES;
				CLANG_WARN_DIRECT_OBJC_ISA_USAGE = YES_ERROR;
				CLANG_WARN_DOCUMENTATION_COMMENTS = YES;
				CLANG_WARN_EMPTY_BODY = YES;
				CLANG_WARN_ENUM_CONVERSION = YES;
				CLANG_WARN_INFINITE_RECURSION = YES;
				CLANG_WARN_INT_CONVERSION = YES;
				CLANG_WARN_NON_LITERAL_NULL_CONVERSION = YES;
				CLANG_WARN_OBJC_IMPLICIT_RETAIN_SELF = YES;
				CLANG_WARN_OBJC_LITERAL_CONVERSION = YES;
				CLANG_WARN_OBJC_ROOT_CLASS = YES_ERROR;
				CLANG_WARN_QUOTED_INCLUDE_IN_FRAMEWORK_HEADER = YES;
				CLANG_WARN_RANGE_LOOP_ANALYSIS = YES;
				CLANG_WARN_STRICT_PROTOTYPES = YES;
				CLANG_WARN_SUSPICIOUS_MOVE = YES;
				CLANG_WARN_UNGUARDED_AVAILABILITY = YES_AGGRESSIVE;
				CLANG_WARN_UNREACHABLE_CODE = YES;
				CLANG_WARN__DUPLICATE_METHOD_MATCH = YES;
				COPY_PHASE_STRIP = NO;
				DEBUG_INFORMATION_FORMAT = dwarf;
				ENABLE_STRICT_OBJC_MSGSEND = YES;
				ENABLE_TESTABILITY = YES;
				GCC_C_LANGUAGE_STANDARD = gnu11;
				GCC_DYNAMIC_NO_PIC = NO;
				GCC_NO_COMMON_BLOCKS = YES;
				GCC_OPTIMIZATION_LEVEL = 0;
				GCC_PREPROCESSOR_DEFINITIONS = (
					"DEBUG=1",
					"$(inherited)",
				);
				GCC_WARN_64_TO_32_BIT_CONVERSION = YES;
				GCC_WARN_ABOUT_RETURN_TYPE = YES_ERROR;
				GCC_WARN_UNDECLARED_SELECTOR = YES;
				GCC_WARN_UNINITIALIZED_AUTOS = YES_AGGRESSIVE;
				GCC_WARN_UNUSED_FUNCTION = YES;
				GCC_WARN_UNUSED_VARIABLE = YES;
				IPHONEOS_DEPLOYMENT_TARGET = 14.5;
				MTL_ENABLE_DEBUG_INFO = INCLUDE_SOURCE;
				MTL_FAST_MATH = YES;
				ONLY_ACTIVE_ARCH = YES;
				SDKROOT = iphoneos;
				SWIFT_ACTIVE_COMPILATION_CONDITIONS = DEBUG;
				SWIFT_OPTIMIZATION_LEVEL = "-Onone";
			};
			name = Debug;
		};
		8D09926226B03A9700BAC6A9 /* Release */ = {
			isa = XCBuildConfiguration;
			buildSettings = {
				ALWAYS_SEARCH_USER_PATHS = NO;
				CLANG_ANALYZER_NONNULL = YES;
				CLANG_ANALYZER_NUMBER_OBJECT_CONVERSION = YES_AGGRESSIVE;
				CLANG_CXX_LANGUAGE_STANDARD = "gnu++14";
				CLANG_CXX_LIBRARY = "libc++";
				CLANG_ENABLE_MODULES = YES;
				CLANG_ENABLE_OBJC_ARC = YES;
				CLANG_ENABLE_OBJC_WEAK = YES;
				CLANG_WARN_BLOCK_CAPTURE_AUTORELEASING = YES;
				CLANG_WARN_BOOL_CONVERSION = YES;
				CLANG_WARN_COMMA = YES;
				CLANG_WARN_CONSTANT_CONVERSION = YES;
				CLANG_WARN_DEPRECATED_OBJC_IMPLEMENTATIONS = YES;
				CLANG_WARN_DIRECT_OBJC_ISA_USAGE = YES_ERROR;
				CLANG_WARN_DOCUMENTATION_COMMENTS = YES;
				CLANG_WARN_EMPTY_BODY = YES;
				CLANG_WARN_ENUM_CONVERSION = YES;
				CLANG_WARN_INFINITE_RECURSION = YES;
				CLANG_WARN_INT_CONVERSION = YES;
				CLANG_WARN_NON_LITERAL_NULL_CONVERSION = YES;
				CLANG_WARN_OBJC_IMPLICIT_RETAIN_SELF = YES;
				CLANG_WARN_OBJC_LITERAL_CONVERSION = YES;
				CLANG_WARN_OBJC_ROOT_CLASS = YES_ERROR;
				CLANG_WARN_QUOTED_INCLUDE_IN_FRAMEWORK_HEADER = YES;
				CLANG_WARN_RANGE_LOOP_ANALYSIS = YES;
				CLANG_WARN_STRICT_PROTOTYPES = YES;
				CLANG_WARN_SUSPICIOUS_MOVE = YES;
				CLANG_WARN_UNGUARDED_AVAILABILITY = YES_AGGRESSIVE;
				CLANG_WARN_UNREACHABLE_CODE = YES;
				CLANG_WARN__DUPLICATE_METHOD_MATCH = YES;
				COPY_PHASE_STRIP = NO;
				DEBUG_INFORMATION_FORMAT = "dwarf-with-dsym";
				ENABLE_NS_ASSERTIONS = NO;
				ENABLE_STRICT_OBJC_MSGSEND = YES;
				GCC_C_LANGUAGE_STANDARD = gnu11;
				GCC_NO_COMMON_BLOCKS = YES;
				GCC_WARN_64_TO_32_BIT_CONVERSION = YES;
				GCC_WARN_ABOUT_RETURN_TYPE = YES_ERROR;
				GCC_WARN_UNDECLARED_SELECTOR = YES;
				GCC_WARN_UNINITIALIZED_AUTOS = YES_AGGRESSIVE;
				GCC_WARN_UNUSED_FUNCTION = YES;
				GCC_WARN_UNUSED_VARIABLE = YES;
				IPHONEOS_DEPLOYMENT_TARGET = 14.5;
				MTL_ENABLE_DEBUG_INFO = NO;
				MTL_FAST_MATH = YES;
				SDKROOT = iphoneos;
				SWIFT_COMPILATION_MODE = wholemodule;
				SWIFT_OPTIMIZATION_LEVEL = "-O";
				VALIDATE_PRODUCT = YES;
			};
			name = Release;
		};
		8D09926426B03A9700BAC6A9 /* Debug */ = {
			isa = XCBuildConfiguration;
			buildSettings = {
				ASSETCATALOG_COMPILER_APPICON_NAME = AppIcon;
				ASSETCATALOG_COMPILER_GLOBAL_ACCENT_COLOR_NAME = AccentColor;
				CODE_SIGN_STYLE = Automatic;
				DEVELOPMENT_TEAM = YBD3AD74KG;
				INFOPLIST_FILE = TermoStat/Info.plist;
				LD_RUNPATH_SEARCH_PATHS = (
					"$(inherited)",
					"@executable_path/Frameworks",
				);
				PRODUCT_BUNDLE_IDENTIFIER = com.nikitalaptyonok.TermoStat;
				PRODUCT_NAME = "$(TARGET_NAME)";
				SWIFT_VERSION = 5.0;
				TARGETED_DEVICE_FAMILY = "1,2";
			};
			name = Debug;
		};
		8D09926526B03A9700BAC6A9 /* Release */ = {
			isa = XCBuildConfiguration;
			buildSettings = {
				ASSETCATALOG_COMPILER_APPICON_NAME = AppIcon;
				ASSETCATALOG_COMPILER_GLOBAL_ACCENT_COLOR_NAME = AccentColor;
				CODE_SIGN_STYLE = Automatic;
				DEVELOPMENT_TEAM = YBD3AD74KG;
				INFOPLIST_FILE = TermoStat/Info.plist;
				LD_RUNPATH_SEARCH_PATHS = (
					"$(inherited)",
					"@executable_path/Frameworks",
				);
				PRODUCT_BUNDLE_IDENTIFIER = com.nikitalaptyonok.TermoStat;
				PRODUCT_NAME = "$(TARGET_NAME)";
				SWIFT_VERSION = 5.0;
				TARGETED_DEVICE_FAMILY = "1,2";
			};
			name = Release;
		};
/* End XCBuildConfiguration section */

/* Begin XCConfigurationList section */
		8D09924A26B03A9300BAC6A9 /* Build configuration list for PBXProject "TermoStat" */ = {
			isa = XCConfigurationList;
			buildConfigurations = (
				8D09926126B03A9700BAC6A9 /* Debug */,
				8D09926226B03A9700BAC6A9 /* Release */,
			);
			defaultConfigurationIsVisible = 0;
			defaultConfigurationName = Release;
		};
		8D09926326B03A9700BAC6A9 /* Build configuration list for PBXNativeTarget "TermoStat" */ = {
			isa = XCConfigurationList;
			buildConfigurations = (
				8D09926426B03A9700BAC6A9 /* Debug */,
				8D09926526B03A9700BAC6A9 /* Release */,
			);
			defaultConfigurationIsVisible = 0;
			defaultConfigurationName = Release;
		};
/* End XCConfigurationList section */
	};
	rootObject = 8D09924726B03A9300BAC6A9 /* Project object */;
}
